
Microsoft Visual Studio Solution File, Format Version 12.00
# Visual Studio Version 17
VisualStudioVersion = 17.8.34330.188
MinimumVisualStudioVersion = 10.0.40219.1
Project("{FAE04EC0-301F-11D3-BF4B-00C04F79EFBC}") = "ETS_CHRONO_BOIS_PROJET.Server", "ETS_CHRONO_BOIS_PROJET.Server\ETS_CHRONO_BOIS_PROJET.Server.csproj", "{33FB6A8C-80C8-44F0-9C6A-F616F39EB3EC}"
EndProject
Project("{54A90642-561A-4BB1-A94E-469ADEE60C69}") = "ets_chrono_bois_projet.client", "ets_chrono_bois_projet.client\ets_chrono_bois_projet.client.esproj", "{F1BF130A-A4F6-4BD6-B98C-9695C9989BBC}"
EndProject
Global
	GlobalSection(SolutionConfigurationPlatforms) = preSolution
		Debug|Any CPU = Debug|Any CPU
		Release|Any CPU = Release|Any CPU
	EndGlobalSection
	GlobalSection(ProjectConfigurationPlatforms) = postSolution
		{33FB6A8C-80C8-44F0-9C6A-F616F39EB3EC}.Debug|Any CPU.ActiveCfg = Debug|Any CPU
		{33FB6A8C-80C8-44F0-9C6A-F616F39EB3EC}.Debug|Any CPU.Build.0 = Debug|Any CPU
		{33FB6A8C-80C8-44F0-9C6A-F616F39EB3EC}.Release|Any CPU.ActiveCfg = Release|Any CPU
		{33FB6A8C-80C8-44F0-9C6A-F616F39EB3EC}.Release|Any CPU.Build.0 = Release|Any CPU
		{F1BF130A-A4F6-4BD6-B98C-9695C9989BBC}.Debug|Any CPU.ActiveCfg = Debug|Any CPU
		{F1BF130A-A4F6-4BD6-B98C-9695C9989BBC}.Debug|Any CPU.Build.0 = Debug|Any CPU
		{F1BF130A-A4F6-4BD6-B98C-9695C9989BBC}.Debug|Any CPU.Deploy.0 = Debug|Any CPU
		{F1BF130A-A4F6-4BD6-B98C-9695C9989BBC}.Release|Any CPU.ActiveCfg = Release|Any CPU
		{F1BF130A-A4F6-4BD6-B98C-9695C9989BBC}.Release|Any CPU.Build.0 = Release|Any CPU
		{F1BF130A-A4F6-4BD6-B98C-9695C9989BBC}.Release|Any CPU.Deploy.0 = Release|Any CPU
	EndGlobalSection
	GlobalSection(SolutionProperties) = preSolution
		HideSolutionNode = FALSE
	EndGlobalSection
	GlobalSection(ExtensibilityGlobals) = postSolution
		SolutionGuid = {52235F87-FF42-4D0C-9F94-43014FC1FA77}
	EndGlobalSection
EndGlobal
